{
  "version": 1,
  "dependencies": {
    "net8.0": {
      "FSharp.Core": {
        "type": "Direct",
        "requested": "[10.1.302, )",
        "resolved": "10.1.302",
        "contentHash": "bN7XMQrAQg1dyHScJ7FcsznERBkvm74LtIo1O6C5mUzgbDqSwNbDpb3+nBGaJAjDmtC/suK5Vx5pFysKY6Hm+Q=="
      },
      "Nerdbank.GitVersioning": {
        "type": "Direct",
        "requested": "[3.10.94, )",
        "resolved": "3.10.94",
        "contentHash": "sn6gFIx6bwFj3Me0XGmek3gLZi/MZC8C4tRLwslXGeBcXcVxvFpZyDrQA93G8TiYgxTS7J7triKB7hj5wXzSxA=="
      }
    }
  }
}