{
  "version": 1,
  "dependencies": {
    "net8.0": {
      "FSharp.Core": {
        "type": "Direct",
        "requested": "[10.1.301, )",
        "resolved": "10.1.301",
        "contentHash": "excLf2zM/qUB3WhRUfI0xvOOaPwcRAEdYT/BXe9eiTKySnWVuIKMQTf5+6ETy5nsb1dpLp1s2j2yAM/XcRgFMg=="
      },
      "FsToolkit.ErrorHandling": {
        "type": "Direct",
        "requested": "[5.2.0, )",
        "resolved": "5.2.0",
        "contentHash": "Y7NfN1gDJ5eOANmi8/aEjGHTWrJOYyqwmgtdA3BIZggd0Ph0IIsbewtgNaLkDYFGgkKw6mGlk0iw4RZ2ZRKZhA==",
        "dependencies": {
          "FSharp.Core": "6.0.4"
        }
      },
      "Nerdbank.GitVersioning": {
        "type": "Direct",
        "requested": "[3.9.50, )",
        "resolved": "3.9.50",
        "contentHash": "HtOgGF6jZ+WYbXnCUCYPT8Y2d6mIJo9ozjK/FINTRsXdm4Zgv9GehUMa7EFoGQkqrMcDJNOIDwCmENnvXg4UbA=="
      }
    }
  }
}