{
  "version": 1,
  "dependencies": {
    "net10.0": {
      "coverlet.collector": {
        "type": "Direct",
        "requested": "[6.0.0, )",
        "resolved": "6.0.0",
        "contentHash": "tW3lsNS+dAEII6YGUX/VMoJjBS1QvsxqJeqLaJXub08y1FSjasFPtQ4UBUsudE9PNrzLjooClMsPtY2cZLdXpQ=="
      },
      "FSharp.Core": {
        "type": "Direct",
        "requested": "[10.1.201, )",
        "resolved": "10.1.201",
        "contentHash": "s5w9LWYurZ9yZdIppoIaYLkRadyT5s3u0wbQCb0J4bQd3ubIlIWQ3Nd5+ll1y3pv5OnTS373dP8T1S/BP46QXg=="
      },
      "Microsoft.NET.Test.Sdk": {
        "type": "Direct",
        "requested": "[17.8.0, )",
        "resolved": "17.8.0",
        "contentHash": "BmTYGbD/YuDHmApIENdoyN1jCk0Rj1fJB0+B/fVekyTdVidr91IlzhqzytiUgaEAzL1ZJcYCme0MeBMYvJVzvw==",
        "dependencies": {
          "Microsoft.CodeCoverage": "17.8.0",
          "Microsoft.TestPlatform.TestHost": "17.8.0"
        }
      },
      "Nerdbank.GitVersioning": {
        "type": "Direct",
        "requested": "[3.9.50, )",
        "resolved": "3.9.50",
        "contentHash": "HtOgGF6jZ+WYbXnCUCYPT8Y2d6mIJo9ozjK/FINTRsXdm4Zgv9GehUMa7EFoGQkqrMcDJNOIDwCmENnvXg4UbA=="
      },
      "xunit": {
        "type": "Direct",
        "requested": "[2.5.3, )",
        "resolved": "2.5.3",
        "contentHash": "VxYDiWSwrLxOJ3UEN+ZPrBybB0SFShQ1E6PjT65VdoKCJhorgerFznThjSwawRH/WAip73YnucDVsE8WRj/8KQ==",
        "dependencies": {
          "xunit.analyzers": "1.4.0",
          "xunit.assert": "2.5.3",
          "xunit.core": "[2.5.3]"
        }
      },
      "xunit.runner.visualstudio": {
        "type": "Direct",
        "requested": "[2.5.3, )",
        "resolved": "2.5.3",
        "contentHash": "HFFL6O+QLEOfs555SqHii48ovVa4CqGYanY+B32BjLpPptdE+wEJmCFNXlLHdEOD5LYeayb9EroaUpydGpcybg=="
      },
      "FsToolkit.ErrorHandling": {
        "type": "Transitive",
        "resolved": "5.1.0",
        "contentHash": "l1bblQhBLLjoHVVxnxDghT8DBjeDQoN1UEEwryvfAoer599C/hnOo0BPcNVP1SpltaWXTjdUZXZyXj0jF6Onbw==",
        "dependencies": {
          "FSharp.Core": "9.0.300"
        }
      },
      "Microsoft.CodeCoverage": {
        "type": "Transitive",
        "resolved": "17.8.0",
        "contentHash": "KC8SXWbGIdoFVdlxKk9WHccm0llm9HypcHMLUUFabRiTS3SO2fQXNZfdiF3qkEdTJhbRrxhdRxjL4jbtwPq4Ew=="
      },
      "Microsoft.Extensions.Configuration": {
        "type": "Transitive",
        "resolved": "10.0.3",
        "contentHash": "H1Cjv2xmm7O3iAGmFTcnSM0ZhLQ/7SqefmAvSJoT1PbXoxeYc2fo0mCLn2JlVbr9E6YpoU9q/o0fI9neDJB0xQ==",
        "dependencies": {
          "Microsoft.Extensions.Configuration.Abstractions": "10.0.3",
          "Microsoft.Extensions.Primitives": "10.0.3"
        }
      },
      "Microsoft.Extensions.Configuration.Abstractions": {
        "type": "Transitive",
        "resolved": "10.0.3",
        "contentHash": "xVDHL0+SIgemfh95fTO9cGLe17TWv/ZP0n7m01z8X6pzt2DmQpucioWR/mYZA1sRlkWnkXzfl0JweLNWmE9WMg==",
        "dependencies": {
          "Microsoft.Extensions.Primitives": "10.0.3"
        }
      },
      "Microsoft.Extensions.Configuration.Binder": {
        "type": "Transitive",
        "resolved": "10.0.3",
        "contentHash": "759UhpKaR5Jsll9kXpkft4z/7tpeF7Dw2rTY/9f9JchaSQTpRFNIPkZFZvoo7fFpbjUaqtDlO5aiGpmQrp/EUA==",
        "dependencies": {
          "Microsoft.Extensions.Configuration": "10.0.3",
          "Microsoft.Extensions.Configuration.Abstractions": "10.0.3"
        }
      },
      "Microsoft.Extensions.DependencyInjection": {
        "type": "Transitive",
        "resolved": "10.0.3",
        "contentHash": "2DLOmC0EkB2smVK8lPP1PIKEgL1arE3CMp9XSIQB/Y7ev5nnnyuM/PizKJ6QfLD08QCYoopSC9SFdbYglDomYg==",
        "dependencies": {
          "Microsoft.Extensions.DependencyInjection.Abstractions": "10.0.3"
        }
      },
      "Microsoft.Extensions.DependencyInjection.Abstractions": {
        "type": "Transitive",
        "resolved": "10.0.3",
        "contentHash": "bwGMrRcAMWx2s/RDgja97p27rxSz2pEQW0+rX5cWAUWVETVJ/eyxGfjAl8vuG5a+lckWmPIE+vcuaZNVB5YDdw=="
      },
      "Microsoft.Extensions.Options": {
        "type": "Transitive",
        "resolved": "10.0.3",
        "contentHash": "hU6WzGTPvPoLA2ng1ILvWQb3g0qORdlHNsxI8IcPLumJb3suimYUl+bbDzdo1V4KFsvVhnMWzysHpKbZaoDQPQ==",
        "dependencies": {
          "Microsoft.Extensions.DependencyInjection.Abstractions": "10.0.3",
          "Microsoft.Extensions.Primitives": "10.0.3"
        }
      },
      "Microsoft.Extensions.Options.ConfigurationExtensions": {
        "type": "Transitive",
        "resolved": "10.0.3",
        "contentHash": "bn6QoBbbvwmzLIFyxrnL2/e+sqoNUOGbHyfWK9DPONMv1mDCYHm/C7MusYASM31b2lUx6OiDmonb3v+dv5t0nA==",
        "dependencies": {
          "Microsoft.Extensions.Configuration.Abstractions": "10.0.3",
          "Microsoft.Extensions.Configuration.Binder": "10.0.3",
          "Microsoft.Extensions.DependencyInjection.Abstractions": "10.0.3",
          "Microsoft.Extensions.Options": "10.0.3",
          "Microsoft.Extensions.Primitives": "10.0.3"
        }
      },
      "Microsoft.Extensions.Primitives": {
        "type": "Transitive",
        "resolved": "10.0.3",
        "contentHash": "GEcpTwo7sUoLGGNTqV1FZEuL+tTD9m81NX/mh099dqGNna07/UGZShKQNZRw4hv6nlliSUwYQgSYc7OR99Jufg=="
      },
      "Microsoft.NETCore.Platforms": {
        "type": "Transitive",
        "resolved": "1.1.0",
        "contentHash": "kz0PEW2lhqygehI/d6XsPCQzD7ff7gUJaVGPVETX611eadGsA3A877GdSlU0LRVMCTH/+P3o2iDTak+S08V2+A=="
      },
      "Microsoft.TestPlatform.ObjectModel": {
        "type": "Transitive",
        "resolved": "17.8.0",
        "contentHash": "AYy6vlpGMfz5kOFq99L93RGbqftW/8eQTqjT9iGXW6s9MRP3UdtY8idJ8rJcjeSja8A18IhIro5YnH3uv1nz4g==",
        "dependencies": {
          "NuGet.Frameworks": "6.5.0"
        }
      },
      "Microsoft.TestPlatform.TestHost": {
        "type": "Transitive",
        "resolved": "17.8.0",
        "contentHash": "9ivcl/7SGRmOT0YYrHQGohWiT5YCpkmy/UEzldfVisLm6QxbLaK3FAJqZXI34rnRLmqqDCeMQxKINwmKwAPiDw==",
        "dependencies": {
          "Microsoft.TestPlatform.ObjectModel": "17.8.0",
          "Newtonsoft.Json": "13.0.1"
        }
      },
      "NETStandard.Library": {
        "type": "Transitive",
        "resolved": "1.6.1",
        "contentHash": "WcSp3+vP+yHNgS8EV5J7pZ9IRpeDuARBPN28by8zqff1wJQXm26PVU8L3/fYLBJVU7BtDyqNVWq2KlCVvSSR4A==",
        "dependencies": {
          "Microsoft.NETCore.Platforms": "1.1.0"
        }
      },
      "Newtonsoft.Json": {
        "type": "Transitive",
        "resolved": "13.0.1",
        "contentHash": "ppPFpBcvxdsfUonNcvITKqLl3bqxWbDCZIzDWHzjpdAHRFfZe0Dw9HmA0+za13IdyrgJwpkDTDA9fHaxOrt20A=="
      },
      "NuGet.Frameworks": {
        "type": "Transitive",
        "resolved": "6.5.0",
        "contentHash": "QWINE2x3MbTODsWT1Gh71GaGb5icBz4chS8VYvTgsBnsi8esgN6wtHhydd7fvToWECYGq7T4cgBBDiKD/363fg=="
      },
      "otsom.fs.Extensions": {
        "type": "Transitive",
        "resolved": "0.0.52",
        "contentHash": "/7qQ/DI222N/REldAv5b82zMJ7solg9xt9qgCpFmrZjMoC8Z25eUPgniYPrq+xQxiYMCyZbYoIFMiSPPLWo8jg==",
        "dependencies": {
          "FSharp.Core": "8.0.403",
          "FsToolkit.ErrorHandling": "5.1.0"
        }
      },
      "otsom.fs.Extensions.DependencyInjection": {
        "type": "Transitive",
        "resolved": "0.0.28",
        "contentHash": "7Me8BtOVrDpXyXQPgoVS8op88DORMe//eq4nAi75OiYPX57o2ore2tGQDAP8ziE4lgIvWf3CqnmqDoeSzY+xzQ==",
        "dependencies": {
          "FSharp.Core": "8.0.403",
          "Microsoft.Extensions.DependencyInjection": "10.0.3"
        }
      },
      "otsom.fs.Resources": {
        "type": "Transitive",
        "resolved": "0.0.57",
        "contentHash": "3/oM7BYjJFk5P2U1yFFqSwG3q/b+9HGMWmH6TrWOmNoKo8sv88VxU4RlHgEKAsfKQ5N/XaebigcNbUYfnFOmMw==",
        "dependencies": {
          "FSharp.Core": "9.0.303",
          "Microsoft.Extensions.Configuration.Abstractions": "10.0.3",
          "Microsoft.Extensions.Options.ConfigurationExtensions": "10.0.3",
          "otsom.fs.Extensions": "0.0.52",
          "otsom.fs.Extensions.DependencyInjection": "0.0.28"
        }
      },
      "xunit.abstractions": {
        "type": "Transitive",
        "resolved": "2.0.3",
        "contentHash": "pot1I4YOxlWjIb5jmwvvQNbTrZ3lJQ+jUGkGjWE3hEFM0l5gOnBWS+H3qsex68s5cO52g+44vpGzhAt+42vwKg=="
      },
      "xunit.analyzers": {
        "type": "Transitive",
        "resolved": "1.4.0",
        "contentHash": "7ljnTJfFjz5zK+Jf0h2dd2QOSO6UmFizXsojv/x4QX7TU5vEgtKZPk9RvpkiuUqg2bddtNZufBoKQalsi7djfA=="
      },
      "xunit.assert": {
        "type": "Transitive",
        "resolved": "2.5.3",
        "contentHash": "MK3HiBckO3vdxEdUxXZyyRPsBNPsC/nz6y1gj/UZIZkjMnsVQyZPU8yxS/3cjTchYcqskt/nqUOS5wmD8JezdQ==",
        "dependencies": {
          "NETStandard.Library": "1.6.1"
        }
      },
      "xunit.core": {
        "type": "Transitive",
        "resolved": "2.5.3",
        "contentHash": "FE8yEEUkoMLd6kOHDXm/QYfX/dYzwc0c+Q4MQon6VGRwFuy6UVGwK/CFA5LEea+ZBEmcco7AEl2q78VjsA0j/w==",
        "dependencies": {
          "xunit.extensibility.core": "[2.5.3]",
          "xunit.extensibility.execution": "[2.5.3]"
        }
      },
      "xunit.extensibility.core": {
        "type": "Transitive",
        "resolved": "2.5.3",
        "contentHash": "IjAQlPeZWXP89pl1EuOG9991GH1qgAL0rQfkmX2UV+PDenbYb7oBnQopL9ujE6YaXxgaQazp7lFjsDyyxD6Mtw==",
        "dependencies": {
          "NETStandard.Library": "1.6.1",
          "xunit.abstractions": "2.0.3"
        }
      },
      "xunit.extensibility.execution": {
        "type": "Transitive",
        "resolved": "2.5.3",
        "contentHash": "w9eGCHl+gJj1GzZSf0VTzYPp/gv4fiUDkr+yR7/Wv9/ucO2CHltGg2TnyySLFjzekkjuxVJZUE+tZyDNzryJFw==",
        "dependencies": {
          "NETStandard.Library": "1.6.1",
          "xunit.extensibility.core": "[2.5.3]"
        }
      },
      "otsom.fs.bot": {
        "type": "Project",
        "dependencies": {
          "FSharp.Core": "[10.1.201, )"
        }
      },
      "otsom.fs.bot.extensions": {
        "type": "Project",
        "dependencies": {
          "FSharp.Core": "[10.1.201, )",
          "otsom.fs.Bot": "[1.0.0, )",
          "otsom.fs.Resources": "[0.0.57, )"
        }
      }
    }
  }
}