
Microsoft Visual Studio Solution File, Format Version 12.00
Project("{F2A71F9B-5D33-465A-A702-920D77279786}") = "otsom.fs.Extensions", "otsom.fs.Extensions\otsom.fs.Extensions.fsproj", "{030BD6D1-122F-4987-A015-41DA83DEC559}"
EndProject
Project("{2150E333-8FDC-42A3-9474-1A3956D46DE8}") = "Tests", "Tests", "{EA7B6ACD-E807-4955-A155-37EC0FD93852}"
EndProject
Project("{F2A71F9B-5D33-465A-A702-920D77279786}") = "otsom.fs.Extensions.Tests", "otsom.fs.Extensions.Tests\otsom.fs.Extensions.Tests.fsproj", "{CFB3EA93-DF3B-4C0C-993D-0B3C4365DFE1}"
EndProject
Project("{F2A71F9B-5D33-465A-A702-920D77279786}") = "otsom.fs.Telegram.Bot", "otsom.fs.Telegram.Bot\otsom.fs.Telegram.Bot.fsproj", "{C37B7DD5-EAD0-4D6E-A349-186D588348F5}"
EndProject
Project("{F2A71F9B-5D33-465A-A702-920D77279786}") = "otsom.fs.Telegram.Bot.Auth.Spotify", "otsom.fs.Telegram.Bot.Auth.Spotify\otsom.fs.Telegram.Bot.Auth.Spotify.fsproj", "{3BC61867-3C2C-4AF5-836D-C1C764907179}"
EndProject
Project("{F2A71F9B-5D33-465A-A702-920D77279786}") = "otsom.fs.Telegram.Bot.Auth.Spotify.Mongo", "otsom.fs.Telegram.Bot.Auth.Spotify.Mongo\otsom.fs.Telegram.Bot.Auth.Spotify.Mongo.fsproj", "{3FD5345B-A2E2-4669-93C7-83D61110A7EE}"
EndProject
Project("{FAE04EC0-301F-11D3-BF4B-00C04F79EFBC}") = "otsom.fs.Telegram.Bot.Auth.Spotify.Mongo.Entities", "otsom.fs.Telegram.Bot.Auth.Spotify.Mongo.Entities\otsom.fs.Telegram.Bot.Auth.Spotify.Mongo.Entities.csproj", "{BD090A7B-610F-4D8A-B0B9-C219FC442153}"
EndProject
Project("{F2A71F9B-5D33-465A-A702-920D77279786}") = "otsom.fs.Extensions.DependencyInjection", "otsom.fs.Extensions.DependencyInjection\otsom.fs.Extensions.DependencyInjection.fsproj", "{D2D3DF60-D647-456A-8AFE-93AE0E4424C3}"
EndProject
Project("{F2A71F9B-5D33-465A-A702-920D77279786}") = "otsom.fs.Core", "otsom.fs.Core\otsom.fs.Core.fsproj", "{E3AE8846-99BC-405D-869B-B06F87C97AB9}"
EndProject
Project("{2150E333-8FDC-42A3-9474-1A3956D46DE8}") = "Extensions", "Extensions", "{E5A9EACA-C79B-487C-8B13-25B13169B7CE}"
EndProject
Project("{2150E333-8FDC-42A3-9474-1A3956D46DE8}") = "Bot", "Bot", "{6EBBC193-54D2-43E0-8868-949F6F166A3E}"
EndProject
Project("{F2A71F9B-5D33-465A-A702-920D77279786}") = "otsom.fs.Bot", "otsom.fs.Bot\otsom.fs.Bot.fsproj", "{DD8A7F6B-8ED3-44DC-9FD7-6876039962A2}"
EndProject
Project("{F2A71F9B-5D33-465A-A702-920D77279786}") = "otsom.fs.Resources", "otsom.fs.Resources\otsom.fs.Resources.fsproj", "{9404AF53-45DA-4D4D-A1FC-ED73378920FB}"
EndProject
Project("{F2A71F9B-5D33-465A-A702-920D77279786}") = "otsom.fs.Bot.Telegram", "otsom.fs.Bot.Telegram\otsom.fs.Bot.Telegram.fsproj", "{1E5F8ADF-FB56-4F2E-9EED-7ACE7E256E6B}"
EndProject
Global
	GlobalSection(SolutionConfigurationPlatforms) = preSolution
		Debug|Any CPU = Debug|Any CPU
		Release|Any CPU = Release|Any CPU
	EndGlobalSection
	GlobalSection(ProjectConfigurationPlatforms) = postSolution
		{030BD6D1-122F-4987-A015-41DA83DEC559}.Debug|Any CPU.ActiveCfg = Debug|Any CPU
		{030BD6D1-122F-4987-A015-41DA83DEC559}.Debug|Any CPU.Build.0 = Debug|Any CPU
		{030BD6D1-122F-4987-A015-41DA83DEC559}.Release|Any CPU.ActiveCfg = Release|Any CPU
		{030BD6D1-122F-4987-A015-41DA83DEC559}.Release|Any CPU.Build.0 = Release|Any CPU
		{CFB3EA93-DF3B-4C0C-993D-0B3C4365DFE1}.Debug|Any CPU.ActiveCfg = Debug|Any CPU
		{CFB3EA93-DF3B-4C0C-993D-0B3C4365DFE1}.Debug|Any CPU.Build.0 = Debug|Any CPU
		{CFB3EA93-DF3B-4C0C-993D-0B3C4365DFE1}.Release|Any CPU.ActiveCfg = Release|Any CPU
		{CFB3EA93-DF3B-4C0C-993D-0B3C4365DFE1}.Release|Any CPU.Build.0 = Release|Any CPU
		{C37B7DD5-EAD0-4D6E-A349-186D588348F5}.Debug|Any CPU.ActiveCfg = Debug|Any CPU
		{C37B7DD5-EAD0-4D6E-A349-186D588348F5}.Debug|Any CPU.Build.0 = Debug|Any CPU
		{C37B7DD5-EAD0-4D6E-A349-186D588348F5}.Release|Any CPU.ActiveCfg = Release|Any CPU
		{C37B7DD5-EAD0-4D6E-A349-186D588348F5}.Release|Any CPU.Build.0 = Release|Any CPU
		{3BC61867-3C2C-4AF5-836D-C1C764907179}.Debug|Any CPU.ActiveCfg = Debug|Any CPU
		{3BC61867-3C2C-4AF5-836D-C1C764907179}.Debug|Any CPU.Build.0 = Debug|Any CPU
		{3BC61867-3C2C-4AF5-836D-C1C764907179}.Release|Any CPU.ActiveCfg = Release|Any CPU
		{3BC61867-3C2C-4AF5-836D-C1C764907179}.Release|Any CPU.Build.0 = Release|Any CPU
		{3FD5345B-A2E2-4669-93C7-83D61110A7EE}.Debug|Any CPU.ActiveCfg = Debug|Any CPU
		{3FD5345B-A2E2-4669-93C7-83D61110A7EE}.Debug|Any CPU.Build.0 = Debug|Any CPU
		{3FD5345B-A2E2-4669-93C7-83D61110A7EE}.Release|Any CPU.ActiveCfg = Release|Any CPU
		{3FD5345B-A2E2-4669-93C7-83D61110A7EE}.Release|Any CPU.Build.0 = Release|Any CPU
		{BD090A7B-610F-4D8A-B0B9-C219FC442153}.Debug|Any CPU.ActiveCfg = Debug|Any CPU
		{BD090A7B-610F-4D8A-B0B9-C219FC442153}.Debug|Any CPU.Build.0 = Debug|Any CPU
		{BD090A7B-610F-4D8A-B0B9-C219FC442153}.Release|Any CPU.ActiveCfg = Release|Any CPU
		{BD090A7B-610F-4D8A-B0B9-C219FC442153}.Release|Any CPU.Build.0 = Release|Any CPU
		{D2D3DF60-D647-456A-8AFE-93AE0E4424C3}.Debug|Any CPU.ActiveCfg = Debug|Any CPU
		{D2D3DF60-D647-456A-8AFE-93AE0E4424C3}.Debug|Any CPU.Build.0 = Debug|Any CPU
		{D2D3DF60-D647-456A-8AFE-93AE0E4424C3}.Release|Any CPU.ActiveCfg = Release|Any CPU
		{D2D3DF60-D647-456A-8AFE-93AE0E4424C3}.Release|Any CPU.Build.0 = Release|Any CPU
		{E3AE8846-99BC-405D-869B-B06F87C97AB9}.Debug|Any CPU.ActiveCfg = Debug|Any CPU
		{E3AE8846-99BC-405D-869B-B06F87C97AB9}.Debug|Any CPU.Build.0 = Debug|Any CPU
		{E3AE8846-99BC-405D-869B-B06F87C97AB9}.Release|Any CPU.ActiveCfg = Release|Any CPU
		{E3AE8846-99BC-405D-869B-B06F87C97AB9}.Release|Any CPU.Build.0 = Release|Any CPU
		{DD8A7F6B-8ED3-44DC-9FD7-6876039962A2}.Debug|Any CPU.ActiveCfg = Debug|Any CPU
		{DD8A7F6B-8ED3-44DC-9FD7-6876039962A2}.Debug|Any CPU.Build.0 = Debug|Any CPU
		{DD8A7F6B-8ED3-44DC-9FD7-6876039962A2}.Release|Any CPU.ActiveCfg = Release|Any CPU
		{DD8A7F6B-8ED3-44DC-9FD7-6876039962A2}.Release|Any CPU.Build.0 = Release|Any CPU
		{9404AF53-45DA-4D4D-A1FC-ED73378920FB}.Debug|Any CPU.ActiveCfg = Debug|Any CPU
		{9404AF53-45DA-4D4D-A1FC-ED73378920FB}.Debug|Any CPU.Build.0 = Debug|Any CPU
		{9404AF53-45DA-4D4D-A1FC-ED73378920FB}.Release|Any CPU.ActiveCfg = Release|Any CPU
		{9404AF53-45DA-4D4D-A1FC-ED73378920FB}.Release|Any CPU.Build.0 = Release|Any CPU
		{1E5F8ADF-FB56-4F2E-9EED-7ACE7E256E6B}.Debug|Any CPU.ActiveCfg = Debug|Any CPU
		{1E5F8ADF-FB56-4F2E-9EED-7ACE7E256E6B}.Debug|Any CPU.Build.0 = Debug|Any CPU
		{1E5F8ADF-FB56-4F2E-9EED-7ACE7E256E6B}.Release|Any CPU.ActiveCfg = Release|Any CPU
		{1E5F8ADF-FB56-4F2E-9EED-7ACE7E256E6B}.Release|Any CPU.Build.0 = Release|Any CPU
	EndGlobalSection
	GlobalSection(NestedProjects) = preSolution
		{CFB3EA93-DF3B-4C0C-993D-0B3C4365DFE1} = {EA7B6ACD-E807-4955-A155-37EC0FD93852}
		{DD8A7F6B-8ED3-44DC-9FD7-6876039962A2} = {6EBBC193-54D2-43E0-8868-949F6F166A3E}
		{030BD6D1-122F-4987-A015-41DA83DEC559} = {E5A9EACA-C79B-487C-8B13-25B13169B7CE}
		{1E5F8ADF-FB56-4F2E-9EED-7ACE7E256E6B} = {6EBBC193-54D2-43E0-8868-949F6F166A3E}
	EndGlobalSection
EndGlobal
