{
  "version": 1,
  "dependencies": {
    "net9.0": {
      "FSharp.Core": {
        "type": "Direct",
        "requested": "[10.1.400, )",
        "resolved": "10.1.400",
        "contentHash": "H9wlZ/tWgNp+Q4WQ5aUSi3XOBXrL6z+UkR0PNeyDFyoZR3c3PbtA21B9FqlthrhEwQ6f5AtQV0JLhBBDqjjscw=="
      },
      "MongoDB.Driver": {
        "type": "Direct",
        "requested": "[3.11.1, )",
        "resolved": "3.11.1",
        "contentHash": "FzzXI2pFVjKUeFz3fTAmjuyavzy6HwO/V9+7WX48y6Se+2JfHR+KLmedN9IrAnLQLB8wfHErLyRxFxD29uL2gw==",
        "dependencies": {
          "DnsClient": "1.6.1",
          "Microsoft.Extensions.Logging.Abstractions": "2.0.0",
          "MongoDB.Bson": "3.11.1",
          "SharpCompress": "0.48.1",
          "Snappier": "1.3.1",
          "System.Buffers": "4.6.1",
          "ZstdSharp.Port": "0.7.3"
        }
      },
      "Nerdbank.GitVersioning": {
        "type": "Direct",
        "requested": "[3.10.94, )",
        "resolved": "3.10.94",
        "contentHash": "sn6gFIx6bwFj3Me0XGmek3gLZi/MZC8C4tRLwslXGeBcXcVxvFpZyDrQA93G8TiYgxTS7J7triKB7hj5wXzSxA=="
      },
      "otsom.fs.Resources": {
        "type": "Direct",
        "requested": "[0.1.9, )",
        "resolved": "0.1.9",
        "contentHash": "RM/NEc2UIu04W+nzUdVM4yaiwcLesnMs9u9DbTd1FjK3g6ZrNkUmUQl8syV7gBJ25PXPk2Fi6yAT50jzT9qChQ==",
        "dependencies": {
          "FSharp.Core": "10.1.400",
          "Microsoft.Extensions.Configuration.Abstractions": "10.0.11",
          "Microsoft.Extensions.Options.ConfigurationExtensions": "10.0.11",
          "otsom.fs.Extensions": "0.1.6",
          "otsom.fs.Extensions.DependencyInjection": "0.1.6"
        }
      },
      "DnsClient": {
        "type": "Transitive",
        "resolved": "1.6.1",
        "contentHash": "4H/f2uYJOZ+YObZjpY9ABrKZI+JNw3uizp6oMzTXwDw6F+2qIPhpRl/1t68O/6e98+vqNiYGu+lswmwdYUy3gg==",
        "dependencies": {
          "Microsoft.Win32.Registry": "5.0.0"
        }
      },
      "FsToolkit.ErrorHandling": {
        "type": "Transitive",
        "resolved": "5.2.0",
        "contentHash": "Y7NfN1gDJ5eOANmi8/aEjGHTWrJOYyqwmgtdA3BIZggd0Ph0IIsbewtgNaLkDYFGgkKw6mGlk0iw4RZ2ZRKZhA==",
        "dependencies": {
          "FSharp.Core": "9.0.300"
        }
      },
      "Microsoft.Extensions.Configuration": {
        "type": "Transitive",
        "resolved": "10.0.11",
        "contentHash": "wlhRqZW8LcJPa+vk2oLAc/REXDItHtkFQdf/QcXYGZbZOO13izcsKY1pCvuFQYwUiZD+hwSZwsKASjqT+BNaVg==",
        "dependencies": {
          "Microsoft.Extensions.Configuration.Abstractions": "10.0.11",
          "Microsoft.Extensions.Primitives": "10.0.11"
        }
      },
      "Microsoft.Extensions.Configuration.Abstractions": {
        "type": "Transitive",
        "resolved": "10.0.11",
        "contentHash": "fVi053xdpda9Em7vSkmgVxO/PtgC2m78ekReKWsgcyskqY0U82Bz/MONwxpGzI0hElYKJfw+fupqMVeKW3fSaA==",
        "dependencies": {
          "Microsoft.Extensions.Primitives": "10.0.11"
        }
      },
      "Microsoft.Extensions.Configuration.Binder": {
        "type": "Transitive",
        "resolved": "10.0.11",
        "contentHash": "rFn8RuszZn3qquPVkDytMUlPc2+rXl9MCoygwc1XmAgC5vg5/oXJ8hkOosOrLoBLsqdTy4lFwP6iQdPS9uSYOA==",
        "dependencies": {
          "Microsoft.Extensions.Configuration": "10.0.11",
          "Microsoft.Extensions.Configuration.Abstractions": "10.0.11"
        }
      },
      "Microsoft.Extensions.DependencyInjection": {
        "type": "Transitive",
        "resolved": "10.0.10",
        "contentHash": "ANyvsgkNBRvcJh2XLgn8veGmajf+8m0AbKK+HPWdRL1yraSNVVSmQhFntLtdz/C795jxqqup+k05cs/3jZQPOA==",
        "dependencies": {
          "Microsoft.Extensions.DependencyInjection.Abstractions": "10.0.10"
        }
      },
      "Microsoft.Extensions.DependencyInjection.Abstractions": {
        "type": "Transitive",
        "resolved": "10.0.11",
        "contentHash": "/a1aJz4m7ylhEDf25ugQChLQoN5XwoGjWw/BoR/ZWWKsO1v4DdJElS1uyngahz4B/eOzjFk1KNTkarRLE5wsIg=="
      },
      "Microsoft.Extensions.Logging.Abstractions": {
        "type": "Transitive",
        "resolved": "2.0.0",
        "contentHash": "6ZCllUYGFukkymSTx3Yr0G/ajRxoNJp7/FqSxSB4fGISST54ifBhgu4Nc0ItGi3i6DqwuNd8SUyObmiC++AO2Q=="
      },
      "Microsoft.Extensions.Options": {
        "type": "Transitive",
        "resolved": "10.0.11",
        "contentHash": "eY1GAKcTfD2maP27J84X9IovT3yjHJ2dVDzPmDg6/XqYvt3jMzJhtfQCLjG9pVsZGAd+8DQ2QrjaDcs2+VQLGw==",
        "dependencies": {
          "Microsoft.Extensions.DependencyInjection.Abstractions": "10.0.11",
          "Microsoft.Extensions.Primitives": "10.0.11"
        }
      },
      "Microsoft.Extensions.Options.ConfigurationExtensions": {
        "type": "Transitive",
        "resolved": "10.0.11",
        "contentHash": "syEhXQ/sEaSBFaqzlp9gDGHX/nk6gkQkh1sIUpBO1mlBj3Phu1rmb4ML1uCiyPW9N6Kxfxv3y5FGObC+bV01Qw==",
        "dependencies": {
          "Microsoft.Extensions.Configuration.Abstractions": "10.0.11",
          "Microsoft.Extensions.Configuration.Binder": "10.0.11",
          "Microsoft.Extensions.DependencyInjection.Abstractions": "10.0.11",
          "Microsoft.Extensions.Options": "10.0.11",
          "Microsoft.Extensions.Primitives": "10.0.11"
        }
      },
      "Microsoft.Extensions.Primitives": {
        "type": "Transitive",
        "resolved": "10.0.11",
        "contentHash": "SXcz+kF+4Oo9b1+55zntpJFYfwb1jw66ioxptyNOOTDc8g2FHnBFWjZpsWfCvZIhzr0x+4e2trVTs4OKwQfBtw=="
      },
      "Microsoft.NETCore.Platforms": {
        "type": "Transitive",
        "resolved": "5.0.0",
        "contentHash": "VyPlqzH2wavqquTcYpkIIAQ6WdenuKoFN0BdYBbCWsclXacSOHNQn66Gt4z5NBqEYW0FAPm5rlvki9ZiCij5xQ=="
      },
      "Microsoft.Win32.Registry": {
        "type": "Transitive",
        "resolved": "5.0.0",
        "contentHash": "dDoKi0PnDz31yAyETfRntsLArTlVAVzUzCIvvEDsDsucrl33Dl8pIJG06ePTJTI3tGpeyHS9Cq7Foc/s4EeKcg==",
        "dependencies": {
          "System.Security.AccessControl": "5.0.0",
          "System.Security.Principal.Windows": "5.0.0"
        }
      },
      "MongoDB.Bson": {
        "type": "Transitive",
        "resolved": "3.11.1",
        "contentHash": "sCHXQZ5GzQy/e7/EVuC+YWoUzHg/V0dB3OfiU5lgG78jrODfsZq53K6h5yskH7Pd2aRmeiPjpIi/u80TxnjxKg==",
        "dependencies": {
          "System.Memory": "4.5.5",
          "System.Runtime.CompilerServices.Unsafe": "5.0.0"
        }
      },
      "otsom.fs.Extensions": {
        "type": "Transitive",
        "resolved": "0.1.6",
        "contentHash": "K2+4ipdLXIyKvoPErTmcQa779ka92cy4lTPhelP4SseVlPkU0IT83SjZtRdxDqIPi6OX3fDa9BjdHmHq7MNqDA==",
        "dependencies": {
          "FSharp.Core": "10.1.302",
          "FsToolkit.ErrorHandling": "5.2.0"
        }
      },
      "otsom.fs.Extensions.DependencyInjection": {
        "type": "Transitive",
        "resolved": "0.1.6",
        "contentHash": "hwVNWS4zqEWrP6SKrVob4ZWDP56zfJwMAGl6Hdd183OPqfUSRjiAP5M4QrJX+MbjOUxtjyPDMJRKDoil0o4CMg==",
        "dependencies": {
          "FSharp.Core": "10.1.302",
          "Microsoft.Extensions.DependencyInjection": "10.0.10"
        }
      },
      "SharpCompress": {
        "type": "Transitive",
        "resolved": "0.48.1",
        "contentHash": "SqGaVniGG943Gph/gHhUQUiZPyC7y0tXZyMf0/B2oGsMav9dqs7JJOuUA+xOkwKYaWM2TM7aZQjNK91f4bX71A=="
      },
      "Snappier": {
        "type": "Transitive",
        "resolved": "1.3.1",
        "contentHash": "DOdDQiO8YZ5rBtVLY+6CmR1yp9WYoJRgEEktPBrR0tEj9QO2djA/zv0O3DX0OZpEAfosbY8pytQ9tQUogwQsEA=="
      },
      "System.Buffers": {
        "type": "Transitive",
        "resolved": "4.6.1",
        "contentHash": "N8GXpmiLMtljq7gwvyS+1QvKT/W2J8sNAvx+HVg4NGmsG/H+2k/y9QI23auLJRterrzCiDH+IWAw4V/GPwsMlw=="
      },
      "System.Memory": {
        "type": "Transitive",
        "resolved": "4.5.5",
        "contentHash": "XIWiDvKPXaTveaB7HVganDlOCRoj03l+jrwNvcge/t8vhGYKvqV+dMv6G4SAX2NoNmN0wZfVPTAlFwZcZvVOUw=="
      },
      "System.Runtime.CompilerServices.Unsafe": {
        "type": "Transitive",
        "resolved": "5.0.0",
        "contentHash": "ZD9TMpsmYJLrxbbmdvhwt9YEgG5WntEnZ/d1eH8JBX9LBp+Ju8BSBhUGbZMNVHHomWo2KVImJhTDl2hIgw/6MA=="
      },
      "System.Security.AccessControl": {
        "type": "Transitive",
        "resolved": "5.0.0",
        "contentHash": "dagJ1mHZO3Ani8GH0PHpPEe/oYO+rVdbQjvjJkBRNQkX4t0r1iaeGn8+/ybkSLEan3/slM0t59SVdHzuHf2jmw==",
        "dependencies": {
          "Microsoft.NETCore.Platforms": "5.0.0",
          "System.Security.Principal.Windows": "5.0.0"
        }
      },
      "System.Security.Principal.Windows": {
        "type": "Transitive",
        "resolved": "5.0.0",
        "contentHash": "t0MGLukB5WAVU9bO3MGzvlGnyJPgUlcwerXn1kzBRjwLKixT96XV0Uza41W49gVd8zEMFu9vQEFlv0IOrytICA=="
      },
      "ZstdSharp.Port": {
        "type": "Transitive",
        "resolved": "0.7.3",
        "contentHash": "U9Ix4l4cl58Kzz1rJzj5hoVTjmbx1qGMwzAcbv1j/d3NzrFaESIurQyg+ow4mivCgkE3S413y+U9k4WdnEIkRA=="
      }
    }
  }
}